
Microsoft Visual Studio Solution File, Format Version 12.00
# Visual Studio Version 17
VisualStudioVersion = 17.1.32203.90
MinimumVisualStudioVersion = 10.0.40219.1
Project("{FAE04EC0-301F-11D3-BF4B-00C04F79EFBC}") = "HdHomerun", "HdHomerun.csproj", "{ACC955F3-3362-4C97-9D10-7C984E8067BC}"
EndProject
Global
	GlobalSection(SolutionConfigurationPlatforms) = preSolution
		Debug|Any CPU = Debug|Any CPU
		Release|Any CPU = Release|Any CPU
	EndGlobalSection
	GlobalSection(ProjectConfigurationPlatforms) = postSolution
		{ACC955F3-3362-4C97-9D10-7C984E8067BC}.Debug|Any CPU.ActiveCfg = Debug|Any CPU
		{ACC955F3-3362-4C97-9D10-7C984E8067BC}.Debug|Any CPU.Build.0 = Debug|Any CPU
		{ACC955F3-3362-4C97-9D10-7C984E8067BC}.Release|Any CPU.ActiveCfg = Release|Any CPU
		{ACC955F3-3362-4C97-9D10-7C984E8067BC}.Release|Any CPU.Build.0 = Release|Any CPU
	EndGlobalSection
	GlobalSection(SolutionProperties) = preSolution
		HideSolutionNode = FALSE
	EndGlobalSection
	GlobalSection(ExtensibilityGlobals) = postSolution
		SolutionGuid = {832EE780-1A5C-41AA-9904-AC4B27B0B963}
	EndGlobalSection
EndGlobal
